
Microsoft Visual Studio Solution File, Format Version 12.00
Project("{2150E333-8FDC-42A3-9474-1A3956D46DE8}") = "PerformanceTests", "PerformanceTests", "{473D0B8D-3977-4EDC-B5C6-D7BDF24FC27A}"
EndProject
Project("{FAE04EC0-301F-11D3-BF4B-00C04F79EFBC}") = "PerformanceTestsApi", "PerformanceTestsApi\PerformanceTestsApi.csproj", "{5766DEB6-096C-48AC-8FF6-6EF7E015B11F}"
EndProject
Project("{FAE04EC0-301F-11D3-BF4B-00C04F79EFBC}") = "PerformanceTestsApi.Tests", "PerformanceTestsApi.Tests\PerformanceTestsApi.Tests.csproj", "{FF6056BB-7E93-4F2B-BFAA-866D0263BE9E}"
EndProject
Project("{2150E333-8FDC-42A3-9474-1A3956D46DE8}") = "SnapshotTests", "SnapshotTests", "{8D05D38C-F16E-4E6C-A6C3-F43853637ED5}"
EndProject
Project("{FAE04EC0-301F-11D3-BF4B-00C04F79EFBC}") = "Snapshot.Api", "Snapshot.Api\Snapshot.Api.csproj", "{AD8E304B-AD17-42B4-B9D3-EB335C116BE5}"
EndProject
Project("{FAE04EC0-301F-11D3-BF4B-00C04F79EFBC}") = "Snapshot.Tests", "Snapshot.Tests\Snapshot.Tests.csproj", "{4F12502F-FFBD-4945-BD43-4D15819673D3}"
EndProject
Project("{2150E333-8FDC-42A3-9474-1A3956D46DE8}") = "CodeCoverage", "CodeCoverage", "{8A1C35F9-A821-4F69-B5D0-65A427D7B1AD}"
EndProject
Project("{FAE04EC0-301F-11D3-BF4B-00C04F79EFBC}") = "CodeCoverage.ClassLibrary", "CodeCoverage.ClassLibrary\CodeCoverage.ClassLibrary.csproj", "{3BEF13CA-1437-4876-B388-343FA17D75B3}"
EndProject
Project("{FAE04EC0-301F-11D3-BF4B-00C04F79EFBC}") = "CodeCoverage.Tests", "CodeCoverage.Tests\CodeCoverage.Tests.csproj", "{9FE501BF-2F97-4B90-9BF8-8BE04827DA94}"
EndProject
Project("{2150E333-8FDC-42A3-9474-1A3956D46DE8}") = "MutationTests", "MutationTests", "{4D6A5232-83A5-45EE-B50F-6719C7865153}"
EndProject
Project("{FAE04EC0-301F-11D3-BF4B-00C04F79EFBC}") = "MutationTests.Tests", "MutationTests.Tests\MutationTests.Tests.csproj", "{8A8F41D9-71DB-40D5-B7CF-71E40C51E2E6}"
EndProject
Project("{FAE04EC0-301F-11D3-BF4B-00C04F79EFBC}") = "MutationTests.ClassLibrary", "MutationTests.ClassLibrary\MutationTests.ClassLibrary.csproj", "{6D7013F9-F8C6-4FA3-B0E0-7FB702BC629A}"
EndProject
Global
	GlobalSection(SolutionConfigurationPlatforms) = preSolution
		Debug|Any CPU = Debug|Any CPU
		Release|Any CPU = Release|Any CPU
	EndGlobalSection
	GlobalSection(NestedProjects) = preSolution
		{5766DEB6-096C-48AC-8FF6-6EF7E015B11F} = {473D0B8D-3977-4EDC-B5C6-D7BDF24FC27A}
		{FF6056BB-7E93-4F2B-BFAA-866D0263BE9E} = {473D0B8D-3977-4EDC-B5C6-D7BDF24FC27A}
		{AD8E304B-AD17-42B4-B9D3-EB335C116BE5} = {8D05D38C-F16E-4E6C-A6C3-F43853637ED5}
		{4F12502F-FFBD-4945-BD43-4D15819673D3} = {8D05D38C-F16E-4E6C-A6C3-F43853637ED5}
		{3BEF13CA-1437-4876-B388-343FA17D75B3} = {8A1C35F9-A821-4F69-B5D0-65A427D7B1AD}
		{9FE501BF-2F97-4B90-9BF8-8BE04827DA94} = {8A1C35F9-A821-4F69-B5D0-65A427D7B1AD}
		{8A8F41D9-71DB-40D5-B7CF-71E40C51E2E6} = {4D6A5232-83A5-45EE-B50F-6719C7865153}
		{6D7013F9-F8C6-4FA3-B0E0-7FB702BC629A} = {4D6A5232-83A5-45EE-B50F-6719C7865153}
	EndGlobalSection
	GlobalSection(ProjectConfigurationPlatforms) = postSolution
		{5766DEB6-096C-48AC-8FF6-6EF7E015B11F}.Debug|Any CPU.ActiveCfg = Debug|Any CPU
		{5766DEB6-096C-48AC-8FF6-6EF7E015B11F}.Debug|Any CPU.Build.0 = Debug|Any CPU
		{5766DEB6-096C-48AC-8FF6-6EF7E015B11F}.Release|Any CPU.ActiveCfg = Release|Any CPU
		{5766DEB6-096C-48AC-8FF6-6EF7E015B11F}.Release|Any CPU.Build.0 = Release|Any CPU
		{FF6056BB-7E93-4F2B-BFAA-866D0263BE9E}.Debug|Any CPU.ActiveCfg = Debug|Any CPU
		{FF6056BB-7E93-4F2B-BFAA-866D0263BE9E}.Debug|Any CPU.Build.0 = Debug|Any CPU
		{FF6056BB-7E93-4F2B-BFAA-866D0263BE9E}.Release|Any CPU.ActiveCfg = Release|Any CPU
		{FF6056BB-7E93-4F2B-BFAA-866D0263BE9E}.Release|Any CPU.Build.0 = Release|Any CPU
		{AD8E304B-AD17-42B4-B9D3-EB335C116BE5}.Debug|Any CPU.ActiveCfg = Debug|Any CPU
		{AD8E304B-AD17-42B4-B9D3-EB335C116BE5}.Debug|Any CPU.Build.0 = Debug|Any CPU
		{AD8E304B-AD17-42B4-B9D3-EB335C116BE5}.Release|Any CPU.ActiveCfg = Release|Any CPU
		{AD8E304B-AD17-42B4-B9D3-EB335C116BE5}.Release|Any CPU.Build.0 = Release|Any CPU
		{4F12502F-FFBD-4945-BD43-4D15819673D3}.Debug|Any CPU.ActiveCfg = Debug|Any CPU
		{4F12502F-FFBD-4945-BD43-4D15819673D3}.Debug|Any CPU.Build.0 = Debug|Any CPU
		{4F12502F-FFBD-4945-BD43-4D15819673D3}.Release|Any CPU.ActiveCfg = Release|Any CPU
		{4F12502F-FFBD-4945-BD43-4D15819673D3}.Release|Any CPU.Build.0 = Release|Any CPU
		{3BEF13CA-1437-4876-B388-343FA17D75B3}.Debug|Any CPU.ActiveCfg = Debug|Any CPU
		{3BEF13CA-1437-4876-B388-343FA17D75B3}.Debug|Any CPU.Build.0 = Debug|Any CPU
		{3BEF13CA-1437-4876-B388-343FA17D75B3}.Release|Any CPU.ActiveCfg = Release|Any CPU
		{3BEF13CA-1437-4876-B388-343FA17D75B3}.Release|Any CPU.Build.0 = Release|Any CPU
		{9FE501BF-2F97-4B90-9BF8-8BE04827DA94}.Debug|Any CPU.ActiveCfg = Debug|Any CPU
		{9FE501BF-2F97-4B90-9BF8-8BE04827DA94}.Debug|Any CPU.Build.0 = Debug|Any CPU
		{9FE501BF-2F97-4B90-9BF8-8BE04827DA94}.Release|Any CPU.ActiveCfg = Release|Any CPU
		{9FE501BF-2F97-4B90-9BF8-8BE04827DA94}.Release|Any CPU.Build.0 = Release|Any CPU
		{8A8F41D9-71DB-40D5-B7CF-71E40C51E2E6}.Debug|Any CPU.ActiveCfg = Debug|Any CPU
		{8A8F41D9-71DB-40D5-B7CF-71E40C51E2E6}.Debug|Any CPU.Build.0 = Debug|Any CPU
		{8A8F41D9-71DB-40D5-B7CF-71E40C51E2E6}.Release|Any CPU.ActiveCfg = Release|Any CPU
		{8A8F41D9-71DB-40D5-B7CF-71E40C51E2E6}.Release|Any CPU.Build.0 = Release|Any CPU
		{6D7013F9-F8C6-4FA3-B0E0-7FB702BC629A}.Debug|Any CPU.ActiveCfg = Debug|Any CPU
		{6D7013F9-F8C6-4FA3-B0E0-7FB702BC629A}.Debug|Any CPU.Build.0 = Debug|Any CPU
		{6D7013F9-F8C6-4FA3-B0E0-7FB702BC629A}.Release|Any CPU.ActiveCfg = Release|Any CPU
		{6D7013F9-F8C6-4FA3-B0E0-7FB702BC629A}.Release|Any CPU.Build.0 = Release|Any CPU
	EndGlobalSection
EndGlobal
